// !$*UTF8*$!
{
	archiveVersion = 1;
	classes = {
	};
	objectVersion = 56;
	objects = {

/* Begin PBXBuildFile section */
		5C1511DC2ADECCD1009EC846 /* ScrumsView.swift in Sources */ = {isa = PBXBuildFile; fileRef = 5C1511DB2ADECCD1009EC846 /* ScrumsView.swift */; };
		5C1511DE2AE10EF9009EC846 /* DetailView.swift in Sources */ = {isa = PBXBuildFile; fileRef = 5C1511DD2AE10EF9009EC846 /* DetailView.swift */; };
		5C1511E02AF28B4C009EC846 /* DetailEditView.swift in Sources */ = {isa = PBXBuildFile; fileRef = 5C1511DF2AF28B4C009EC846 /* DetailEditView.swift */; };
		5C2CF1C12AAEF38600AF948C /* ScrumdingerApp.swift in Sources */ = {isa = PBXBuildFile; fileRef = 5C2CF1C02AAEF38600AF948C /* ScrumdingerApp.swift */; };
		5C2CF1C32AAEF38600AF948C /* MeetingView.swift in Sources */ = {isa = PBXBuildFile; fileRef = 5C2CF1C22AAEF38600AF948C /* MeetingView.swift */; };
		5C2CF1C52AAEF38700AF948C /* Assets.xcassets in Resources */ = {isa = PBXBuildFile; fileRef = 5C2CF1C42AAEF38700AF948C /* Assets.xcassets */; };
		5C2CF1C82AAEF38700AF948C /* Preview Assets.xcassets in Resources */ = {isa = PBXBuildFile; fileRef = 5C2CF1C72AAEF38700AF948C /* Preview Assets.xcassets */; };
		5C2CF1D22AAEF38700AF948C /* TutorialTests.swift in Sources */ = {isa = PBXBuildFile; fileRef = 5C2CF1D12AAEF38700AF948C /* TutorialTests.swift */; };
		5C2CF1DC2AAEF38700AF948C /* TutorialUITests.swift in Sources */ = {isa = PBXBuildFile; fileRef = 5C2CF1DB2AAEF38700AF948C /* TutorialUITests.swift */; };
		5C2CF1DE2AAEF38700AF948C /* TutorialUITestsLaunchTests.swift in Sources */ = {isa = PBXBuildFile; fileRef = 5C2CF1DD2AAEF38700AF948C /* TutorialUITestsLaunchTests.swift */; };
		5CD4C4F62ABB1F5200B041BA /* Theme.swift in Sources */ = {isa = PBXBuildFile; fileRef = 5CD4C4F52ABB1F5200B041BA /* Theme.swift */; };
		5CD4C4F82ABB270300B041BA /* DailyScrum.swift in Sources */ = {isa = PBXBuildFile; fileRef = 5CD4C4F72ABB270300B041BA /* DailyScrum.swift */; };
		5CD4C4FA2ABC6AEC00B041BA /* CardView.swift in Sources */ = {isa = PBXBuildFile; fileRef = 5CD4C4F92ABC6AEC00B041BA /* CardView.swift */; };
		5CD4C4FC2AC6C9CA00B041BA /* TrailingIconLabelStyle.swift in Sources */ = {isa = PBXBuildFile; fileRef = 5CD4C4FB2AC6C9CA00B041BA /* TrailingIconLabelStyle.swift */; };
/* End PBXBuildFile section */

/* Begin PBXContainerItemProxy section */
		5C2CF1CE2AAEF38700AF948C /* PBXContainerItemProxy */ = {
			isa = PBXContainerItemProxy;
			containerPortal = 5C2CF1B52AAEF38600AF948C /* Project object */;
			proxyType = 1;
			remoteGlobalIDString = 5C2CF1BC2AAEF38600AF948C;
			remoteInfo = Tutorial;
		};
		5C2CF1D82AAEF38700AF948C /* PBXContainerItemProxy */ = {
			isa = PBXContainerItemProxy;
			containerPortal = 5C2CF1B52AAEF38600AF948C /* Project object */;
			proxyType = 1;
			remoteGlobalIDString = 5C2CF1BC2AAEF38600AF948C;
			remoteInfo = Tutorial;
		};
/* End PBXContainerItemProxy section */

/* Begin PBXFileReference section */
		5C1511DB2ADECCD1009EC846 /* ScrumsView.swift */ = {isa = PBXFileReference; lastKnownFileType = sourcecode.swift; path = ScrumsView.swift; sourceTree = "<group>"; };
		5C1511DD2AE10EF9009EC846 /* DetailView.swift */ = {isa = PBXFileReference; lastKnownFileType = sourcecode.swift; path = DetailView.swift; sourceTree = "<group>"; };
		5C1511DF2AF28B4C009EC846 /* DetailEditView.swift */ = {isa = PBXFileReference; lastKnownFileType = sourcecode.swift; path = DetailEditView.swift; sourceTree = "<group>"; };
		5C2CF1BD2AAEF38600AF948C /* Tutorial.app */ = {isa = PBXFileReference; explicitFileType = wrapper.application; includeInIndex = 0; path = Tutorial.app; sourceTree = BUILT_PRODUCTS_DIR; };
		5C2CF1C02AAEF38600AF948C /* ScrumdingerApp.swift */ = {isa = PBXFileReference; lastKnownFileType = sourcecode.swift; path = ScrumdingerApp.swift; sourceTree = "<group>"; };
		5C2CF1C22AAEF38600AF948C /* MeetingView.swift */ = {isa = PBXFileReference; lastKnownFileType = sourcecode.swift; path = MeetingView.swift; sourceTree = "<group>"; };
		5C2CF1C42AAEF38700AF948C /* Assets.xcassets */ = {isa = PBXFileReference; lastKnownFileType = folder.assetcatalog; path = Assets.xcassets; sourceTree = "<group>"; };
		5C2CF1C72AAEF38700AF948C /* Preview Assets.xcassets */ = {isa = PBXFileReference; lastKnownFileType = folder.assetcatalog; path = "Preview Assets.xcassets"; sourceTree = "<group>"; };
		5C2CF1CD2AAEF38700AF948C /* TutorialTests.xctest */ = {isa = PBXFileReference; explicitFileType = wrapper.cfbundle; includeInIndex = 0; path = TutorialTests.xctest; sourceTree = BUILT_PRODUCTS_DIR; };
		5C2CF1D12AAEF38700AF948C /* TutorialTests.swift */ = {isa = PBXFileReference; lastKnownFileType = sourcecode.swift; path = TutorialTests.swift; sourceTree = "<group>"; };
		5C2CF1D72AAEF38700AF948C /* TutorialUITests.xctest */ = {isa = PBXFileReference; explicitFileType = wrapper.cfbundle; includeInIndex = 0; path = TutorialUITests.xctest; sourceTree = BUILT_PRODUCTS_DIR; };
		5C2CF1DB2AAEF38700AF948C /* TutorialUITests.swift */ = {isa = PBXFileReference; lastKnownFileType = sourcecode.swift; path = TutorialUITests.swift; sourceTree = "<group>"; };
		5C2CF1DD2AAEF38700AF948C /* TutorialUITestsLaunchTests.swift */ = {isa = PBXFileReference; lastKnownFileType = sourcecode.swift; path = TutorialUITestsLaunchTests.swift; sourceTree = "<group>"; };
		5CD4C4F52ABB1F5200B041BA /* Theme.swift */ = {isa = PBXFileReference; lastKnownFileType = sourcecode.swift; path = Theme.swift; sourceTree = "<group>"; };
		5CD4C4F72ABB270300B041BA /* DailyScrum.swift */ = {isa = PBXFileReference; lastKnownFileType = sourcecode.swift; path = DailyScrum.swift; sourceTree = "<group>"; };
		5CD4C4F92ABC6AEC00B041BA /* CardView.swift */ = {isa = PBXFileReference; lastKnownFileType = sourcecode.swift; path = CardView.swift; sourceTree = "<group>"; };
		5CD4C4FB2AC6C9CA00B041BA /* TrailingIconLabelStyle.swift */ = {isa = PBXFileReference; lastKnownFileType = sourcecode.swift; path = TrailingIconLabelStyle.swift; sourceTree = "<group>"; };
/* End PBXFileReference section */

/* Begin PBXFrameworksBuildPhase section */
		5C2CF1BA2AAEF38600AF948C /* Frameworks */ = {
			isa = PBXFrameworksBuildPhase;
			buildActionMask = 2147483647;
			files = (
			);
			runOnlyForDeploymentPostprocessing = 0;
		};
		5C2CF1CA2AAEF38700AF948C /* Frameworks */ = {
			isa = PBXFrameworksBuildPhase;
			buildActionMask = 2147483647;
			files = (
			);
			runOnlyForDeploymentPostprocessing = 0;
		};
		5C2CF1D42AAEF38700AF948C /* Frameworks */ = {
			isa = PBXFrameworksBuildPhase;
			buildActionMask = 2147483647;
			files = (
			);
			runOnlyForDeploymentPostprocessing = 0;
		};
/* End PBXFrameworksBuildPhase section */

/* Begin PBXGroup section */
		5C2CF1B42AAEF38600AF948C = {
			isa = PBXGroup;
			children = (
				5C2CF1BF2AAEF38600AF948C /* Tutorial */,
				5C2CF1D02AAEF38700AF948C /* TutorialTests */,
				5C2CF1DA2AAEF38700AF948C /* TutorialUITests */,
				5C2CF1BE2AAEF38600AF948C /* Products */,
			);
			sourceTree = "<group>";
		};
		5C2CF1BE2AAEF38600AF948C /* Products */ = {
			isa = PBXGroup;
			children = (
				5C2CF1BD2AAEF38600AF948C /* Tutorial.app */,
				5C2CF1CD2AAEF38700AF948C /* TutorialTests.xctest */,
				5C2CF1D72AAEF38700AF948C /* TutorialUITests.xctest */,
			);
			name = Products;
			sourceTree = "<group>";
		};
		5C2CF1BF2AAEF38600AF948C /* Tutorial */ = {
			isa = PBXGroup;
			children = (
				5CD4C4FB2AC6C9CA00B041BA /* TrailingIconLabelStyle.swift */,
				5C2CF1C02AAEF38600AF948C /* ScrumdingerApp.swift */,
				5C2CF1C22AAEF38600AF948C /* MeetingView.swift */,
				5CD4C4F92ABC6AEC00B041BA /* CardView.swift */,
				5C1511DB2ADECCD1009EC846 /* ScrumsView.swift */,
				5C1511DD2AE10EF9009EC846 /* DetailView.swift */,
				5C1511DF2AF28B4C009EC846 /* DetailEditView.swift */,
				5CD4C4F42ABB1F0900B041BA /* Models */,
				5C2CF1C42AAEF38700AF948C /* Assets.xcassets */,
				5C2CF1C62AAEF38700AF948C /* Preview Content */,
			);
			path = Tutorial;
			sourceTree = "<group>";
		};
		5C2CF1C62AAEF38700AF948C /* Preview Content */ = {
			isa = PBXGroup;
			children = (
				5C2CF1C72AAEF38700AF948C /* Preview Assets.xcassets */,
			);
			path = "Preview Content";
			sourceTree = "<group>";
		};
		5C2CF1D02AAEF38700AF948C /* TutorialTests */ = {
			isa = PBXGroup;
			children = (
				5C2CF1D12AAEF38700AF948C /* TutorialTests.swift */,
			);
			path = TutorialTests;
			sourceTree = "<group>";
		};
		5C2CF1DA2AAEF38700AF948C /* TutorialUITests */ = {
			isa = PBXGroup;
			children = (
				5C2CF1DB2AAEF38700AF948C /* TutorialUITests.swift */,
				5C2CF1DD2AAEF38700AF948C /* TutorialUITestsLaunchTests.swift */,
			);
			path = TutorialUITests;
			sourceTree = "<group>";
		};
		5CD4C4F42ABB1F0900B041BA /* Models */ = {
			isa = PBXGroup;
			children = (
				5CD4C4F52ABB1F5200B041BA /* Theme.swift */,
				5CD4C4F72ABB270300B041BA /* DailyScrum.swift */,
			);
			path = Models;
			sourceTree = "<group>";
		};
/* End PBXGroup section */

/* Begin PBXNativeTarget section */
		5C2CF1BC2AAEF38600AF948C /* Tutorial */ = {
			isa = PBXNativeTarget;
			buildConfigurationList = 5C2CF1E12AAEF38700AF948C /* Build configuration list for PBXNativeTarget "Tutorial" */;
			buildPhases = (
				5C2CF1B92AAEF38600AF948C /* Sources */,
				5C2CF1BA2AAEF38600AF948C /* Frameworks */,
				5C2CF1BB2AAEF38600AF948C /* Resources */,
			);
			buildRules = (
			);
			dependencies = (
			);
			name = Tutorial;
			productName = Tutorial;
			productReference = 5C2CF1BD2AAEF38600AF948C /* Tutorial.app */;
			productType = "com.apple.product-type.application";
		};
		5C2CF1CC2AAEF38700AF948C /* TutorialTests */ = {
			isa = PBXNativeTarget;
			buildConfigurationList = 5C2CF1E42AAEF38700AF948C /* Build configuration list for PBXNativeTarget "TutorialTests" */;
			buildPhases = (
				5C2CF1C92AAEF38700AF948C /* Sources */,
				5C2CF1CA2AAEF38700AF948C /* Frameworks */,
				5C2CF1CB2AAEF38700AF948C /* Resources */,
			);
			buildRules = (
			);
			dependencies = (
				5C2CF1CF2AAEF38700AF948C /* PBXTargetDependency */,
			);
			name = TutorialTests;
			productName = TutorialTests;
			productReference = 5C2CF1CD2AAEF38700AF948C /* TutorialTests.xctest */;
			productType = "com.apple.product-type.bundle.unit-test";
		};
		5C2CF1D62AAEF38700AF948C /* TutorialUITests */ = {
			isa = PBXNativeTarget;
			buildConfigurationList = 5C2CF1E72AAEF38700AF948C /* Build configuration list for PBXNativeTarget "TutorialUITests" */;
			buildPhases = (
				5C2CF1D32AAEF38700AF948C /* Sources */,
				5C2CF1D42AAEF38700AF948C /* Frameworks */,
				5C2CF1D52AAEF38700AF948C /* Resources */,
			);
			buildRules = (
			);
			dependencies = (
				5C2CF1D92AAEF38700AF948C /* PBXTargetDependency */,
			);
			name = TutorialUITests;
			productName = TutorialUITests;
			productReference = 5C2CF1D72AAEF38700AF948C /* TutorialUITests.xctest */;
			productType = "com.apple.product-type.bundle.ui-testing";
		};
/* End PBXNativeTarget section */

/* Begin PBXProject section */
		5C2CF1B52AAEF38600AF948C /* Project object */ = {
			isa = PBXProject;
			attributes = {
				BuildIndependentTargetsInParallel = 1;
				LastSwiftUpdateCheck = 1430;
				LastUpgradeCheck = 1500;
				TargetAttributes = {
					5C2CF1BC2AAEF38600AF948C = {
						CreatedOnToolsVersion = 14.3.1;
					};
					5C2CF1CC2AAEF38700AF948C = {
						CreatedOnToolsVersion = 14.3.1;
						TestTargetID = 5C2CF1BC2AAEF38600AF948C;
					};
					5C2CF1D62AAEF38700AF948C = {
						CreatedOnToolsVersion = 14.3.1;
						TestTargetID = 5C2CF1BC2AAEF38600AF948C;
					};
				};
			};
			buildConfigurationList = 5C2CF1B82AAEF38600AF948C /* Build configuration list for PBXProject "Tutorial" */;
			compatibilityVersion = "Xcode 14.0";
			developmentRegion = en;
			hasScannedForEncodings = 0;
			knownRegions = (
				en,
				Base,
			);
			mainGroup = 5C2CF1B42AAEF38600AF948C;
			productRefGroup = 5C2CF1BE2AAEF38600AF948C /* Products */;
			projectDirPath = "";
			projectRoot = "";
			targets = (
				5C2CF1BC2AAEF38600AF948C /* Tutorial */,
				5C2CF1CC2AAEF38700AF948C /* TutorialTests */,
				5C2CF1D62AAEF38700AF948C /* TutorialUITests */,
			);
		};
/* End PBXProject section */

/* Begin PBXResourcesBuildPhase section */
		5C2CF1BB2AAEF38600AF948C /* Resources */ = {
			isa = PBXResourcesBuildPhase;
			buildActionMask = 2147483647;
			files = (
				5C2CF1C82AAEF38700AF948C /* Preview Assets.xcassets in Resources */,
				5C2CF1C52AAEF38700AF948C /* Assets.xcassets in Resources */,
			);
			runOnlyForDeploymentPostprocessing = 0;
		};
		5C2CF1CB2AAEF38700AF948C /* Resources */ = {
			isa = PBXResourcesBuildPhase;
			buildActionMask = 2147483647;
			files = (
			);
			runOnlyForDeploymentPostprocessing = 0;
		};
		5C2CF1D52AAEF38700AF948C /* Resources */ = {
			isa = PBXResourcesBuildPhase;
			buildActionMask = 2147483647;
			files = (
			);
			runOnlyForDeploymentPostprocessing = 0;
		};
/* End PBXResourcesBuildPhase section */

/* Begin PBXSourcesBuildPhase section */
		5C2CF1B92AAEF38600AF948C /* Sources */ = {
			isa = PBXSourcesBuildPhase;
			buildActionMask = 2147483647;
			files = (
				5CD4C4F82ABB270300B041BA /* DailyScrum.swift in Sources */,
				5C1511DE2AE10EF9009EC846 /* DetailView.swift in Sources */,
				5C1511E02AF28B4C009EC846 /* DetailEditView.swift in Sources */,
				5CD4C4FC2AC6C9CA00B041BA /* TrailingIconLabelStyle.swift in Sources */,
				5CD4C4F62ABB1F5200B041BA /* Theme.swift in Sources */,
				5C1511DC2ADECCD1009EC846 /* ScrumsView.swift in Sources */,
				5C2CF1C32AAEF38600AF948C /* MeetingView.swift in Sources */,
				5C2CF1C12AAEF38600AF948C /* ScrumdingerApp.swift in Sources */,
				5CD4C4FA2ABC6AEC00B041BA /* CardView.swift in Sources */,
			);
			runOnlyForDeploymentPostprocessing = 0;
		};
		5C2CF1C92AAEF38700AF948C /* Sources */ = {
			isa = PBXSourcesBuildPhase;
			buildActionMask = 2147483647;
			files = (
				5C2CF1D22AAEF38700AF948C /* TutorialTests.swift in Sources */,
			);
			runOnlyForDeploymentPostprocessing = 0;
		};
		5C2CF1D32AAEF38700AF948C /* Sources */ = {
			isa = PBXSourcesBuildPhase;
			buildActionMask = 2147483647;
			files = (
				5C2CF1DE2AAEF38700AF948C /* TutorialUITestsLaunchTests.swift in Sources */,
				5C2CF1DC2AAEF38700AF948C /* TutorialUITests.swift in Sources */,
			);
			runOnlyForDeploymentPostprocessing = 0;
		};
/* End PBXSourcesBuildPhase section */

/* Begin PBXTargetDependency section */
		5C2CF1CF2AAEF38700AF948C /* PBXTargetDependency */ = {
			isa = PBXTargetDependency;
			target = 5C2CF1BC2AAEF38600AF948C /* Tutorial */;
			targetProxy = 5C2CF1CE2AAEF38700AF948C /* PBXContainerItemProxy */;
		};
		5C2CF1D92AAEF38700AF948C /* PBXTargetDependency */ = {
			isa = PBXTargetDependency;
			target = 5C2CF1BC2AAEF38600AF948C /* Tutorial */;
			targetProxy = 5C2CF1D82AAEF38700AF948C /* PBXContainerItemProxy */;
		};
/* End PBXTargetDependency section */

/* Begin XCBuildConfiguration section */
		5C2CF1DF2AAEF38700AF948C /* Debug */ = {
			isa = XCBuildConfiguration;
			buildSettings = {
				ALWAYS_SEARCH_USER_PATHS = NO;
				CLANG_ANALYZER_NONNULL = YES;
				CLANG_ANALYZER_NUMBER_OBJECT_CONVERSION = YES_AGGRESSIVE;
				CLANG_CXX_LANGUAGE_STANDARD = "gnu++20";
				CLANG_ENABLE_MODULES = YES;
				CLANG_ENABLE_OBJC_ARC = YES;
				CLANG_ENABLE_OBJC_WEAK = YES;
				CLANG_WARN_BLOCK_CAPTURE_AUTORELEASING = YES;
				CLANG_WARN_BOOL_CONVERSION = YES;
				CLANG_WARN_COMMA = YES;
				CLANG_WARN_CONSTANT_CONVERSION = YES;
				CLANG_WARN_DEPRECATED_OBJC_IMPLEMENTATIONS = YES;
				CLANG_WARN_DIRECT_OBJC_ISA_USAGE = YES_ERROR;
				CLANG_WARN_DOCUMENTATION_COMMENTS = YES;
				CLANG_WARN_EMPTY_BODY = YES;
				CLANG_WARN_ENUM_CONVERSION = YES;
				CLANG_WARN_INFINITE_RECURSION = YES;
				CLANG_WARN_INT_CONVERSION = YES;
				CLANG_WARN_NON_LITERAL_NULL_CONVERSION = YES;
				CLANG_WARN_OBJC_IMPLICIT_RETAIN_SELF = YES;
				CLANG_WARN_OBJC_LITERAL_CONVERSION = YES;
				CLANG_WARN_OBJC_ROOT_CLASS = YES_ERROR;
				CLANG_WARN_QUOTED_INCLUDE_IN_FRAMEWORK_HEADER = YES;
				CLANG_WARN_RANGE_LOOP_ANALYSIS = YES;
				CLANG_WARN_STRICT_PROTOTYPES = YES;
				CLANG_WARN_SUSPICIOUS_MOVE = YES;
				CLANG_WARN_UNGUARDED_AVAILABILITY = YES_AGGRESSIVE;
				CLANG_WARN_UNREACHABLE_CODE = YES;
				CLANG_WARN__DUPLICATE_METHOD_MATCH = YES;
				COPY_PHASE_STRIP = NO;
				DEBUG_INFORMATION_FORMAT = dwarf;
				ENABLE_STRICT_OBJC_MSGSEND = YES;
				ENABLE_TESTABILITY = YES;
				ENABLE_USER_SCRIPT_SANDBOXING = YES;
				GCC_C_LANGUAGE_STANDARD = gnu11;
				GCC_DYNAMIC_NO_PIC = NO;
				GCC_NO_COMMON_BLOCKS = YES;
				GCC_OPTIMIZATION_LEVEL = 0;
				GCC_PREPROCESSOR_DEFINITIONS = (
					"DEBUG=1",
					"$(inherited)",
				);
				GCC_WARN_64_TO_32_BIT_CONVERSION = YES;
				GCC_WARN_ABOUT_RETURN_TYPE = YES_ERROR;
				GCC_WARN_UNDECLARED_SELECTOR = YES;
				GCC_WARN_UNINITIALIZED_AUTOS = YES_AGGRESSIVE;
				GCC_WARN_UNUSED_FUNCTION = YES;
				GCC_WARN_UNUSED_VARIABLE = YES;
				IPHONEOS_DEPLOYMENT_TARGET = 16.4;
				MTL_ENABLE_DEBUG_INFO = INCLUDE_SOURCE;
				MTL_FAST_MATH = YES;
				ONLY_ACTIVE_ARCH = YES;
				SDKROOT = iphoneos;
				SWIFT_ACTIVE_COMPILATION_CONDITIONS = DEBUG;
				SWIFT_OPTIMIZATION_LEVEL = "-Onone";
			};
			name = Debug;
		};
		5C2CF1E02AAEF38700AF948C /* Release */ = {
			isa = XCBuildConfiguration;
			buildSettings = {
				ALWAYS_SEARCH_USER_PATHS = NO;
				CLANG_ANALYZER_NONNULL = YES;
				CLANG_ANALYZER_NUMBER_OBJECT_CONVERSION = YES_AGGRESSIVE;
				CLANG_CXX_LANGUAGE_STANDARD = "gnu++20";
				CLANG_ENABLE_MODULES = YES;
				CLANG_ENABLE_OBJC_ARC = YES;
				CLANG_ENABLE_OBJC_WEAK = YES;
				CLANG_WARN_BLOCK_CAPTURE_AUTORELEASING = YES;
				CLANG_WARN_BOOL_CONVERSION = YES;
				CLANG_WARN_COMMA = YES;
				CLANG_WARN_CONSTANT_CONVERSION = YES;
				CLANG_WARN_DEPRECATED_OBJC_IMPLEMENTATIONS = YES;
				CLANG_WARN_DIRECT_OBJC_ISA_USAGE = YES_ERROR;
				CLANG_WARN_DOCUMENTATION_COMMENTS = YES;
				CLANG_WARN_EMPTY_BODY = YES;
				CLANG_WARN_ENUM_CONVERSION = YES;
				CLANG_WARN_INFINITE_RECURSION = YES;
				CLANG_WARN_INT_CONVERSION = YES;
				CLANG_WARN_NON_LITERAL_NULL_CONVERSION = YES;
				CLANG_WARN_OBJC_IMPLICIT_RETAIN_SELF = YES;
				CLANG_WARN_OBJC_LITERAL_CONVERSION = YES;
				CLANG_WARN_OBJC_ROOT_CLASS = YES_ERROR;
				CLANG_WARN_QUOTED_INCLUDE_IN_FRAMEWORK_HEADER = YES;
				CLANG_WARN_RANGE_LOOP_ANALYSIS = YES;
				CLANG_WARN_STRICT_PROTOTYPES = YES;
				CLANG_WARN_SUSPICIOUS_MOVE = YES;
				CLANG_WARN_UNGUARDED_AVAILABILITY = YES_AGGRESSIVE;
				CLANG_WARN_UNREACHABLE_CODE = YES;
				CLANG_WARN__DUPLICATE_METHOD_MATCH = YES;
				COPY_PHASE_STRIP = NO;
				DEBUG_INFORMATION_FORMAT = "dwarf-with-dsym";
				ENABLE_NS_ASSERTIONS = NO;
				ENABLE_STRICT_OBJC_MSGSEND = YES;
				ENABLE_USER_SCRIPT_SANDBOXING = YES;
				GCC_C_LANGUAGE_STANDARD = gnu11;
				GCC_NO_COMMON_BLOCKS = YES;
				GCC_WARN_64_TO_32_BIT_CONVERSION = YES;
				GCC_WARN_ABOUT_RETURN_TYPE = YES_ERROR;
				GCC_WARN_UNDECLARED_SELECTOR = YES;
				GCC_WARN_UNINITIALIZED_AUTOS = YES_AGGRESSIVE;
				GCC_WARN_UNUSED_FUNCTION = YES;
				GCC_WARN_UNUSED_VARIABLE = YES;
				IPHONEOS_DEPLOYMENT_TARGET = 16.4;
				MTL_ENABLE_DEBUG_INFO = NO;
				MTL_FAST_MATH = YES;
				SDKROOT = iphoneos;
				SWIFT_COMPILATION_MODE = wholemodule;
				SWIFT_OPTIMIZATION_LEVEL = "-O";
				VALIDATE_PRODUCT = YES;
			};
			name = Release;
		};
		5C2CF1E22AAEF38700AF948C /* Debug */ = {
			isa = XCBuildConfiguration;
			buildSettings = {
				ASSETCATALOG_COMPILER_APPICON_NAME = AppIcon;
				ASSETCATALOG_COMPILER_GLOBAL_ACCENT_COLOR_NAME = AccentColor;
				CODE_SIGN_STYLE = Automatic;
				CURRENT_PROJECT_VERSION = 1;
				DEVELOPMENT_ASSET_PATHS = "\"Tutorial/Preview Content\"";
				DEVELOPMENT_TEAM = 92A9JABXDQ;
				ENABLE_PREVIEWS = YES;
				GENERATE_INFOPLIST_FILE = YES;
				INFOPLIST_KEY_UIApplicationSceneManifest_Generation = YES;
				INFOPLIST_KEY_UIApplicationSupportsIndirectInputEvents = YES;
				INFOPLIST_KEY_UILaunchScreen_Generation = YES;
				INFOPLIST_KEY_UISupportedInterfaceOrientations_iPad = "UIInterfaceOrientationPortrait UIInterfaceOrientationPortraitUpsideDown UIInterfaceOrientationLandscapeLeft UIInterfaceOrientationLandscapeRight";
				INFOPLIST_KEY_UISupportedInterfaceOrientations_iPhone = "UIInterfaceOrientationPortrait UIInterfaceOrientationLandscapeLeft UIInterfaceOrientationLandscapeRight";
				LD_RUNPATH_SEARCH_PATHS = (
					"$(inherited)",
					"@executable_path/Frameworks",
				);
				MARKETING_VERSION = 1.0;
				PRODUCT_BUNDLE_IDENTIFIER = com.gmail.yuma.Tutorial;
				PRODUCT_NAME = "$(TARGET_NAME)";
				SWIFT_EMIT_LOC_STRINGS = YES;
				SWIFT_VERSION = 5.0;
				TARGETED_DEVICE_FAMILY = "1,2";
			};
			name = Debug;
		};
		5C2CF1E32AAEF38700AF948C /* Release */ = {
			isa = XCBuildConfiguration;
			buildSettings = {
				ASSETCATALOG_COMPILER_APPICON_NAME = AppIcon;
				ASSETCATALOG_COMPILER_GLOBAL_ACCENT_COLOR_NAME = AccentColor;
				CODE_SIGN_STYLE = Automatic;
				CURRENT_PROJECT_VERSION = 1;
				DEVELOPMENT_ASSET_PATHS = "\"Tutorial/Preview Content\"";
				DEVELOPMENT_TEAM = 92A9JABXDQ;
				ENABLE_PREVIEWS = YES;
				GENERATE_INFOPLIST_FILE = YES;
				INFOPLIST_KEY_UIApplicationSceneManifest_Generation = YES;
				INFOPLIST_KEY_UIApplicationSupportsIndirectInputEvents = YES;
				INFOPLIST_KEY_UILaunchScreen_Generation = YES;
				INFOPLIST_KEY_UISupportedInterfaceOrientations_iPad = "UIInterfaceOrientationPortrait UIInterfaceOrientationPortraitUpsideDown UIInterfaceOrientationLandscapeLeft UIInterfaceOrientationLandscapeRight";
				INFOPLIST_KEY_UISupportedInterfaceOrientations_iPhone = "UIInterfaceOrientationPortrait UIInterfaceOrientationLandscapeLeft UIInterfaceOrientationLandscapeRight";
				LD_RUNPATH_SEARCH_PATHS = (
					"$(inherited)",
					"@executable_path/Frameworks",
				);
				MARKETING_VERSION = 1.0;
				PRODUCT_BUNDLE_IDENTIFIER = com.gmail.yuma.Tutorial;
				PRODUCT_NAME = "$(TARGET_NAME)";
				SWIFT_EMIT_LOC_STRINGS = YES;
				SWIFT_VERSION = 5.0;
				TARGETED_DEVICE_FAMILY = "1,2";
			};
			name = Release;
		};
		5C2CF1E52AAEF38700AF948C /* Debug */ = {
			isa = XCBuildConfiguration;
			buildSettings = {
				ALWAYS_EMBED_SWIFT_STANDARD_LIBRARIES = YES;
				BUNDLE_LOADER = "$(TEST_HOST)";
				CODE_SIGN_STYLE = Automatic;
				CURRENT_PROJECT_VERSION = 1;
				DEVELOPMENT_TEAM = 92A9JABXDQ;
				GENERATE_INFOPLIST_FILE = YES;
				IPHONEOS_DEPLOYMENT_TARGET = 16.4;
				MARKETING_VERSION = 1.0;
				PRODUCT_BUNDLE_IDENTIFIER = com.gmail.yuma.TutorialTests;
				PRODUCT_NAME = "$(TARGET_NAME)";
				SWIFT_EMIT_LOC_STRINGS = NO;
				SWIFT_VERSION = 5.0;
				TARGETED_DEVICE_FAMILY = "1,2";
				TEST_HOST = "$(BUILT_PRODUCTS_DIR)/Tutorial.app/$(BUNDLE_EXECUTABLE_FOLDER_PATH)/Tutorial";
			};
			name = Debug;
		};
		5C2CF1E62AAEF38700AF948C /* Release */ = {
			isa = XCBuildConfiguration;
			buildSettings = {
				ALWAYS_EMBED_SWIFT_STANDARD_LIBRARIES = YES;
				BUNDLE_LOADER = "$(TEST_HOST)";
				CODE_SIGN_STYLE = Automatic;
				CURRENT_PROJECT_VERSION = 1;
				DEVELOPMENT_TEAM = 92A9JABXDQ;
				GENERATE_INFOPLIST_FILE = YES;
				IPHONEOS_DEPLOYMENT_TARGET = 16.4;
				MARKETING_VERSION = 1.0;
				PRODUCT_BUNDLE_IDENTIFIER = com.gmail.yuma.TutorialTests;
				PRODUCT_NAME = "$(TARGET_NAME)";
				SWIFT_EMIT_LOC_STRINGS = NO;
				SWIFT_VERSION = 5.0;
				TARGETED_DEVICE_FAMILY = "1,2";
				TEST_HOST = "$(BUILT_PRODUCTS_DIR)/Tutorial.app/$(BUNDLE_EXECUTABLE_FOLDER_PATH)/Tutorial";
			};
			name = Release;
		};
		5C2CF1E82AAEF38700AF948C /* Debug */ = {
			isa = XCBuildConfiguration;
			buildSettings = {
				ALWAYS_EMBED_SWIFT_STANDARD_LIBRARIES = YES;
				CODE_SIGN_STYLE = Automatic;
				CURRENT_PROJECT_VERSION = 1;
				DEVELOPMENT_TEAM = 92A9JABXDQ;
				GENERATE_INFOPLIST_FILE = YES;
				MARKETING_VERSION = 1.0;
				PRODUCT_BUNDLE_IDENTIFIER = com.gmail.yuma.TutorialUITests;
				PRODUCT_NAME = "$(TARGET_NAME)";
				SWIFT_EMIT_LOC_STRINGS = NO;
				SWIFT_VERSION = 5.0;
				TARGETED_DEVICE_FAMILY = "1,2";
				TEST_TARGET_NAME = Tutorial;
			};
			name = Debug;
		};
		5C2CF1E92AAEF38700AF948C /* Release */ = {
			isa = XCBuildConfiguration;
			buildSettings = {
				ALWAYS_EMBED_SWIFT_STANDARD_LIBRARIES = YES;
				CODE_SIGN_STYLE = Automatic;
				CURRENT_PROJECT_VERSION = 1;
				DEVELOPMENT_TEAM = 92A9JABXDQ;
				GENERATE_INFOPLIST_FILE = YES;
				MARKETING_VERSION = 1.0;
				PRODUCT_BUNDLE_IDENTIFIER = com.gmail.yuma.TutorialUITests;
				PRODUCT_NAME = "$(TARGET_NAME)";
				SWIFT_EMIT_LOC_STRINGS = NO;
				SWIFT_VERSION = 5.0;
				TARGETED_DEVICE_FAMILY = "1,2";
				TEST_TARGET_NAME = Tutorial;
			};
			name = Release;
		};
/* End XCBuildConfiguration section */

/* Begin XCConfigurationList section */
		5C2CF1B82AAEF38600AF948C /* Build configuration list for PBXProject "Tutorial" */ = {
			isa = XCConfigurationList;
			buildConfigurations = (
				5C2CF1DF2AAEF38700AF948C /* Debug */,
				5C2CF1E02AAEF38700AF948C /* Release */,
			);
			defaultConfigurationIsVisible = 0;
			defaultConfigurationName = Release;
		};
		5C2CF1E12AAEF38700AF948C /* Build configuration list for PBXNativeTarget "Tutorial" */ = {
			isa = XCConfigurationList;
			buildConfigurations = (
				5C2CF1E22AAEF38700AF948C /* Debug */,
				5C2CF1E32AAEF38700AF948C /* Release */,
			);
			defaultConfigurationIsVisible = 0;
			defaultConfigurationName = Release;
		};
		5C2CF1E42AAEF38700AF948C /* Build configuration list for PBXNativeTarget "TutorialTests" */ = {
			isa = XCConfigurationList;
			buildConfigurations = (
				5C2CF1E52AAEF38700AF948C /* Debug */,
				5C2CF1E62AAEF38700AF948C /* Release */,
			);
			defaultConfigurationIsVisible = 0;
			defaultConfigurationName = Release;
		};
		5C2CF1E72AAEF38700AF948C /* Build configuration list for PBXNativeTarget "TutorialUITests" */ = {
			isa = XCConfigurationList;
			buildConfigurations = (
				5C2CF1E82AAEF38700AF948C /* Debug */,
				5C2CF1E92AAEF38700AF948C /* Release */,
			);
			defaultConfigurationIsVisible = 0;
			defaultConfigurationName = Release;
		};
/* End XCConfigurationList section */
	};
	rootObject = 5C2CF1B52AAEF38600AF948C /* Project object */;
}
